
Microsoft Visual Studio Solution File, Format Version 12.00
# Visual Studio Version 17
VisualStudioVersion = 17.8.34511.84
MinimumVisualStudioVersion = 10.0.40219.1
Project("{8BC9CEB8-8B4A-11D0-8D11-00A0C91BC942}") = "ShabbyThreadPool", "ShabbyThreadPool.vcxproj", "{5ED78503-3825-473E-A7EE-B03D98693986}"
	ProjectSection(ProjectDependencies) = postProject
		{A976FCAD-67C0-4467-835F-0DD192DE2663} = {A976FCAD-67C0-4467-835F-0DD192DE2663}
		{BD5EB1CB-EBB7-4B58-B60F-826A90C005AA} = {BD5EB1CB-EBB7-4B58-B60F-826A90C005AA}
	EndProjectSection
EndProject
Project("{8BC9CEB8-8B4A-11D0-8D11-00A0C91BC942}") = "ShabbyUniversalType", "..\ShabbyUniversalType\ShabbyUniversalType.vcxproj", "{BD5EB1CB-EBB7-4B58-B60F-826A90C005AA}"
EndProject
Project("{8BC9CEB8-8B4A-11D0-8D11-00A0C91BC942}") = "ShabbyEventsQueue", "..\ShabbyEventsQueue\ShabbyEventsQueue.vcxproj", "{A976FCAD-67C0-4467-835F-0DD192DE2663}"
	ProjectSection(ProjectDependencies) = postProject
		{BD5EB1CB-EBB7-4B58-B60F-826A90C005AA} = {BD5EB1CB-EBB7-4B58-B60F-826A90C005AA}
	EndProjectSection
EndProject
Project("{8BC9CEB8-8B4A-11D0-8D11-00A0C91BC942}") = "ShabbyLoggerLinks", "..\ShabbyLoggerLinks\ShabbyLoggerLinks.vcxproj", "{465F273A-4F5D-4824-AA6C-BDE45B2B7216}"
	ProjectSection(ProjectDependencies) = postProject
		{A976FCAD-67C0-4467-835F-0DD192DE2663} = {A976FCAD-67C0-4467-835F-0DD192DE2663}
		{BD5EB1CB-EBB7-4B58-B60F-826A90C005AA} = {BD5EB1CB-EBB7-4B58-B60F-826A90C005AA}
	EndProjectSection
EndProject
Project("{8BC9CEB8-8B4A-11D0-8D11-00A0C91BC942}") = "ShabbyAlgorithmLibrary", "..\ShabbyAlgorithmLibrary\ShabbyAlgorithmLibrary.vcxproj", "{4A1FC6EC-073B-4ED8-976A-AC800E201123}"
EndProject
Project("{8BC9CEB8-8B4A-11D0-8D11-00A0C91BC942}") = "ShabbyDataStructure", "..\ShabbyDataStructure\ShabbyDataStructure.vcxproj", "{FC34F627-1640-4BF0-BC28-B0C0B8F0BBFE}"
EndProject
Global
	GlobalSection(SolutionConfigurationPlatforms) = preSolution
		Debug|x64 = Debug|x64
		Debug|x86 = Debug|x86
		Release|x64 = Release|x64
		Release|x86 = Release|x86
	EndGlobalSection
	GlobalSection(ProjectConfigurationPlatforms) = postSolution
		{5ED78503-3825-473E-A7EE-B03D98693986}.Debug|x64.ActiveCfg = Debug|x64
		{5ED78503-3825-473E-A7EE-B03D98693986}.Debug|x64.Build.0 = Debug|x64
		{5ED78503-3825-473E-A7EE-B03D98693986}.Debug|x86.ActiveCfg = Debug|Win32
		{5ED78503-3825-473E-A7EE-B03D98693986}.Debug|x86.Build.0 = Debug|Win32
		{5ED78503-3825-473E-A7EE-B03D98693986}.Release|x64.ActiveCfg = Release|x64
		{5ED78503-3825-473E-A7EE-B03D98693986}.Release|x64.Build.0 = Release|x64
		{5ED78503-3825-473E-A7EE-B03D98693986}.Release|x86.ActiveCfg = Release|Win32
		{5ED78503-3825-473E-A7EE-B03D98693986}.Release|x86.Build.0 = Release|Win32
		{BD5EB1CB-EBB7-4B58-B60F-826A90C005AA}.Debug|x64.ActiveCfg = Debug|x64
		{BD5EB1CB-EBB7-4B58-B60F-826A90C005AA}.Debug|x64.Build.0 = Debug|x64
		{BD5EB1CB-EBB7-4B58-B60F-826A90C005AA}.Debug|x86.ActiveCfg = Debug|Win32
		{BD5EB1CB-EBB7-4B58-B60F-826A90C005AA}.Debug|x86.Build.0 = Debug|Win32
		{BD5EB1CB-EBB7-4B58-B60F-826A90C005AA}.Release|x64.ActiveCfg = Release|x64
		{BD5EB1CB-EBB7-4B58-B60F-826A90C005AA}.Release|x64.Build.0 = Release|x64
		{BD5EB1CB-EBB7-4B58-B60F-826A90C005AA}.Release|x86.ActiveCfg = Release|Win32
		{BD5EB1CB-EBB7-4B58-B60F-826A90C005AA}.Release|x86.Build.0 = Release|Win32
		{A976FCAD-67C0-4467-835F-0DD192DE2663}.Debug|x64.ActiveCfg = Debug|x64
		{A976FCAD-67C0-4467-835F-0DD192DE2663}.Debug|x64.Build.0 = Debug|x64
		{A976FCAD-67C0-4467-835F-0DD192DE2663}.Debug|x86.ActiveCfg = Debug|Win32
		{A976FCAD-67C0-4467-835F-0DD192DE2663}.Debug|x86.Build.0 = Debug|Win32
		{A976FCAD-67C0-4467-835F-0DD192DE2663}.Release|x64.ActiveCfg = Release|x64
		{A976FCAD-67C0-4467-835F-0DD192DE2663}.Release|x64.Build.0 = Release|x64
		{A976FCAD-67C0-4467-835F-0DD192DE2663}.Release|x86.ActiveCfg = Release|Win32
		{A976FCAD-67C0-4467-835F-0DD192DE2663}.Release|x86.Build.0 = Release|Win32
		{465F273A-4F5D-4824-AA6C-BDE45B2B7216}.Debug|x64.ActiveCfg = Debug|x64
		{465F273A-4F5D-4824-AA6C-BDE45B2B7216}.Debug|x64.Build.0 = Debug|x64
		{465F273A-4F5D-4824-AA6C-BDE45B2B7216}.Debug|x86.ActiveCfg = Debug|Win32
		{465F273A-4F5D-4824-AA6C-BDE45B2B7216}.Debug|x86.Build.0 = Debug|Win32
		{465F273A-4F5D-4824-AA6C-BDE45B2B7216}.Release|x64.ActiveCfg = Release|x64
		{465F273A-4F5D-4824-AA6C-BDE45B2B7216}.Release|x64.Build.0 = Release|x64
		{465F273A-4F5D-4824-AA6C-BDE45B2B7216}.Release|x86.ActiveCfg = Release|Win32
		{465F273A-4F5D-4824-AA6C-BDE45B2B7216}.Release|x86.Build.0 = Release|Win32
		{4A1FC6EC-073B-4ED8-976A-AC800E201123}.Debug|x64.ActiveCfg = Debug|x64
		{4A1FC6EC-073B-4ED8-976A-AC800E201123}.Debug|x64.Build.0 = Debug|x64
		{4A1FC6EC-073B-4ED8-976A-AC800E201123}.Debug|x86.ActiveCfg = Debug|Win32
		{4A1FC6EC-073B-4ED8-976A-AC800E201123}.Debug|x86.Build.0 = Debug|Win32
		{4A1FC6EC-073B-4ED8-976A-AC800E201123}.Release|x64.ActiveCfg = Release|x64
		{4A1FC6EC-073B-4ED8-976A-AC800E201123}.Release|x64.Build.0 = Release|x64
		{4A1FC6EC-073B-4ED8-976A-AC800E201123}.Release|x86.ActiveCfg = Release|Win32
		{4A1FC6EC-073B-4ED8-976A-AC800E201123}.Release|x86.Build.0 = Release|Win32
		{FC34F627-1640-4BF0-BC28-B0C0B8F0BBFE}.Debug|x64.ActiveCfg = Debug|x64
		{FC34F627-1640-4BF0-BC28-B0C0B8F0BBFE}.Debug|x64.Build.0 = Debug|x64
		{FC34F627-1640-4BF0-BC28-B0C0B8F0BBFE}.Debug|x86.ActiveCfg = Debug|Win32
		{FC34F627-1640-4BF0-BC28-B0C0B8F0BBFE}.Debug|x86.Build.0 = Debug|Win32
		{FC34F627-1640-4BF0-BC28-B0C0B8F0BBFE}.Release|x64.ActiveCfg = Release|x64
		{FC34F627-1640-4BF0-BC28-B0C0B8F0BBFE}.Release|x64.Build.0 = Release|x64
		{FC34F627-1640-4BF0-BC28-B0C0B8F0BBFE}.Release|x86.ActiveCfg = Release|Win32
		{FC34F627-1640-4BF0-BC28-B0C0B8F0BBFE}.Release|x86.Build.0 = Release|Win32
	EndGlobalSection
	GlobalSection(SolutionProperties) = preSolution
		HideSolutionNode = FALSE
	EndGlobalSection
	GlobalSection(ExtensibilityGlobals) = postSolution
		SolutionGuid = {A97607FC-24DA-4AEF-A4A3-FDAB3374BD12}
	EndGlobalSection
EndGlobal
